<?xml version="1.0" encoding="utf-8"?>
<Project ToolsVersion="4.0" xmlns="http://schemas.microsoft.com/developer/msbuild/2003">
  <ItemGroup>
    <Filter Include="Source Files">
      <UniqueIdentifier>{4FC737F1-C7A5-4376-A066-2A32D752A2FF}</UniqueIdentifier>
      <Extensions>qml;cpp;c;cc;cxx;def;odl;idl;hpj;bat;asm;asmx</Extensions>
    </Filter>
    <Filter Include="Header Files">
      <UniqueIdentifier>{93995380-89BD-4b04-88EB-625FBE52EBFB}</UniqueIdentifier>
      <Extensions>h;hh;hpp;hxx;hm;inl;inc;xsd</Extensions>
    </Filter>
    <Filter Include="Resource Files">
      <UniqueIdentifier>{67DA6AB6-F800-4c08-8B7A-83BB121AAD01}</UniqueIdentifier>
      <Extensions>qrc;rc;ico;cur;bmp;dlg;rc2;rct;bin;rgs;gif;jpg;jpeg;jpe;resx;tiff;tif;png;wav;mfcribbon-ms</Extensions>
    </Filter>
    <Filter Include="Translation Files">
      <UniqueIdentifier>{639EADAA-A684-42e4-A9AD-28FC9BCB8F7C}</UniqueIdentifier>
      <Extensions>ts</Extensions>
    </Filter>
  </ItemGroup>
  <ItemGroup>
    <ClInclude Include="include\QLayers\qlayers_export.h">
      <Filter>Header Files</Filter>
    </ClInclude>
    <ClInclude Include="include\QLayers\qlconvert.h">
      <Filter>Header Files</Filter>
    </ClInclude>
    <ClInclude Include="include\QLayers\qlcalculate.h">
      <Filter>Header Files</Filter>
    </ClInclude>
    <ClInclude Include="include\QLayers\qlcolor.h">
      <Filter>Header Files</Filter>
    </ClInclude>
    <ClInclude Include="include\QLayers\qlgithubrepo.h">
      <Filter>Header Files</Filter>
    </ClInclude>
    <ClInclude Include="include\QLayers\qlgraphic.h">
      <Filter>Header Files</Filter>
    </ClInclude>
    <ClInclude Include="include\QLayers\qlimagesequence.h">
      <Filter>Header Files</Filter>
    </ClInclude>
    <ClInclude Include="include\QLayers\qlpaint.h">
      <Filter>Header Files</Filter>
    </ClInclude>
    <ClInclude Include="include\QLayers\qlthemeable.h">
      <Filter>Header Files</Filter>
    </ClInclude>
    <ClInclude Include="include\QLayers\qlthemeablebox.h">
      <Filter>Header Files</Filter>
    </ClInclude>
    <ClInclude Include="include\QLayers\qlayers_global.h">
      <Filter>Header Files</Filter>
    </ClInclude>
    <ClInclude Include="src\qlgradienteditoritem.h">
      <Filter>Header Files</Filter>
    </ClInclude>
    <ClInclude Include="include\QLayers\qlpaths.h">
      <Filter>Header Files</Filter>
    </ClInclude>
    <ClInclude Include="include\QLayers\qlsystem.h">
      <Filter>Header Files</Filter>
    </ClInclude>
    <ClInclude Include="include\QLayers\qlmetatypes.h">
      <Filter>Header Files</Filter>
    </ClInclude>
  </ItemGroup>
  <ItemGroup>
    <QtMoc Include="include\QLayers\qlapplication.h">
      <Filter>Header Files</Filter>
    </QtMoc>
    <QtMoc Include="include\QLayers\qlattributeeditor.h">
      <Filter>Header Files</Filter>
    </QtMoc>
    <QtMoc Include="include\QLayers\qlattributeeditorgroup.h">
      <Filter>Header Files</Filter>
    </QtMoc>
    <QtMoc Include="include\QLayers\qlattributemapitem.h">
      <Filter>Header Files</Filter>
    </QtMoc>
    <QtMoc Include="include\QLayers\qlattributemapmodel.h">
      <Filter>Header Files</Filter>
    </QtMoc>
    <QtMoc Include="include\QLayers\qlattributemapview.h">
      <Filter>Header Files</Filter>
    </QtMoc>
    <QtMoc Include="include\QLayers\qlbutton.h">
      <Filter>Header Files</Filter>
    </QtMoc>
    <QtMoc Include="include\QLayers\qlcolorcontrol.h">
      <Filter>Header Files</Filter>
    </QtMoc>
    <QtMoc Include="include\QLayers\qlcolordialog.h">
      <Filter>Header Files</Filter>
    </QtMoc>
    <QtMoc Include="include\QLayers\qlcolorplane.h">
      <Filter>Header Files</Filter>
    </QtMoc>
    <QtMoc Include="include\QLayers\qlcombobox.h">
      <Filter>Header Files</Filter>
    </QtMoc>
    <QtMoc Include="include\QLayers\qlcomboboxitemdelegate.h">
      <Filter>Header Files</Filter>
    </QtMoc>
    <QtMoc Include="include\QLayers\qldialog.h">
      <Filter>Header Files</Filter>
    </QtMoc>
    <QtMoc Include="include\QLayers\qldownloader.h">
      <Filter>Header Files</Filter>
    </QtMoc>
    <QtMoc Include="include\QLayers\qlfillcontrol.h">
      <Filter>Header Files</Filter>
    </QtMoc>
    <QtMoc Include="include\QLayers\qlfilldialog.h">
      <Filter>Header Files</Filter>
    </QtMoc>
    <QtMoc Include="include\QLayers\qlgradientcontrol.h">
      <Filter>Header Files</Filter>
    </QtMoc>
    <QtMoc Include="include\QLayers\qlgradientdialog.h">
      <Filter>Header Files</Filter>
    </QtMoc>
    <QtMoc Include="include\QLayers\qlgradienteditor.h">
      <Filter>Header Files</Filter>
    </QtMoc>
    <QtMoc Include="include\QLayers\qlgridlineitemdelegate.h">
      <Filter>Header Files</Filter>
    </QtMoc>
    <QtMoc Include="include\QLayers\qlgrowingdotprogressindicator.h">
      <Filter>Header Files</Filter>
    </QtMoc>
    <QtMoc Include="include\QLayers\qlheaderview.h">
      <Filter>Header Files</Filter>
    </QtMoc>
    <QtMoc Include="include\QLayers\qllabel.h">
      <Filter>Header Files</Filter>
    </QtMoc>
    <QtMoc Include="include\QLayers\qllineeditor.h">
      <Filter>Header Files</Filter>
    </QtMoc>
    <QtMoc Include="include\QLayers\qlmainwindow.h">
      <Filter>Header Files</Filter>
    </QtMoc>
    <QtMoc Include="include\QLayers\qlmenubar.h">
      <Filter>Header Files</Filter>
    </QtMoc>
    <QtMoc Include="include\QLayers\qlminislider.h">
      <Filter>Header Files</Filter>
    </QtMoc>
    <QtMoc Include="include\QLayers\qlradiobutton.h">
      <Filter>Header Files</Filter>
    </QtMoc>
    <QtMoc Include="include\QLayers\qlradiobuttonpool.h">
      <Filter>Header Files</Filter>
    </QtMoc>
    <QtMoc Include="include\QLayers\qlresizer.h">
      <Filter>Header Files</Filter>
    </QtMoc>
    <QtMoc Include="include\QLayers\qlscrollarea.h">
      <Filter>Header Files</Filter>
    </QtMoc>
    <QtMoc Include="include\QLayers\qlscrollbar.h">
      <Filter>Header Files</Filter>
    </QtMoc>
    <QtMoc Include="include\QLayers\qlslider.h">
      <Filter>Header Files</Filter>
    </QtMoc>
    <QtMoc Include="include\QLayers\qlsplitter.h">
      <Filter>Header Files</Filter>
    </QtMoc>
    <QtMoc Include="include\QLayers\qlstatepool.h">
      <Filter>Header Files</Filter>
    </QtMoc>
    <QtMoc Include="include\QLayers\qlsvgrenderer.h">
      <Filter>Header Files</Filter>
    </QtMoc>
    <QtMoc Include="include\QLayers\qltab.h">
      <Filter>Header Files</Filter>
    </QtMoc>
    <QtMoc Include="include\QLayers\qltabbar.h">
      <Filter>Header Files</Filter>
    </QtMoc>
    <QtMoc Include="include\QLayers\qltableview.h">
      <Filter>Header Files</Filter>
    </QtMoc>
    <QtMoc Include="include\QLayers\qlthemecombobox.h">
      <Filter>Header Files</Filter>
    </QtMoc>
    <QtMoc Include="include\QLayers\qlthemecomboboxitemdelegate.h">
      <Filter>Header Files</Filter>
    </QtMoc>
    <QtMoc Include="include\QLayers\qlthemecomboboxitemmodel.h">
      <Filter>Header Files</Filter>
    </QtMoc>
    <QtMoc Include="include\QLayers\qlthemecompatibilitycautiondialog.h">
      <Filter>Header Files</Filter>
    </QtMoc>
    <QtMoc Include="include\QLayers\qlthemecompatibilityitemdelegate.h">
      <Filter>Header Files</Filter>
    </QtMoc>
    <QtMoc Include="include\QLayers\qlthemecreatordialog.h">
      <Filter>Header Files</Filter>
    </QtMoc>
    <QtMoc Include="include\QLayers\qlthemeeditordialog.h">
      <Filter>Header Files</Filter>
    </QtMoc>
    <QtMoc Include="include\QLayers\qlthemelineagemodel.h">
      <Filter>Header Files</Filter>
    </QtMoc>
    <QtMoc Include="include\QLayers\qlthememodel.h">
      <Filter>Header Files</Filter>
    </QtMoc>
    <QtMoc Include="include\QLayers\qlthemeview.h">
      <Filter>Header Files</Filter>
    </QtMoc>
    <QtMoc Include="include\QLayers\qltoggleswitch.h">
      <Filter>Header Files</Filter>
    </QtMoc>
    <QtMoc Include="include\QLayers\qlupdatedialog.h">
      <Filter>Header Files</Filter>
    </QtMoc>
    <QtMoc Include="include\QLayers\qlwidget.h">
      <Filter>Header Files</Filter>
    </QtMoc>
    <QtMoc Include="src\qllinksview.h">
      <Filter>Header Files</Filter>
    </QtMoc>
    <QtMoc Include="src\qlmainwindowtitlebar.h">
      <Filter>Header Files</Filter>
    </QtMoc>
    <QtMoc Include="src\qlnewlinkwidget.h">
      <Filter>Header Files</Filter>
    </QtMoc>
    <QtMoc Include="src\qlsettingsmenu.h">
      <Filter>Header Files</Filter>
    </QtMoc>
    <QtMoc Include="src\qlsettingstab.h">
      <Filter>Header Files</Filter>
    </QtMoc>
    <QtMoc Include="src\qlthemeswidget.h">
      <Filter>Header Files</Filter>
    </QtMoc>
  </ItemGroup>
  <ItemGroup>
    <ClCompile Include="src\qlapplication.cpp">
      <Filter>Source Files</Filter>
    </ClCompile>
    <ClCompile Include="src\qlattributeeditor.cpp">
      <Filter>Source Files</Filter>
    </ClCompile>
    <ClCompile Include="src\qlattributeeditorgroup.cpp">
      <Filter>Source Files</Filter>
    </ClCompile>
    <ClCompile Include="src\qlattributemapitem.cpp">
      <Filter>Source Files</Filter>
    </ClCompile>
    <ClCompile Include="src\qlattributemapmodel.cpp">
      <Filter>Source Files</Filter>
    </ClCompile>
    <ClCompile Include="src\qlattributemapview.cpp">
      <Filter>Source Files</Filter>
    </ClCompile>
    <ClCompile Include="src\qlbutton.cpp">
      <Filter>Source Files</Filter>
    </ClCompile>
    <ClCompile Include="src\qlcolor.cpp">
      <Filter>Source Files</Filter>
    </ClCompile>
    <ClCompile Include="src\qlcolorcontrol.cpp">
      <Filter>Source Files</Filter>
    </ClCompile>
    <ClCompile Include="src\qlcolordialog.cpp">
      <Filter>Source Files</Filter>
    </ClCompile>
    <ClCompile Include="src\qlcolorplane.cpp">
      <Filter>Source Files</Filter>
    </ClCompile>
    <ClCompile Include="src\qlcombobox.cpp">
      <Filter>Source Files</Filter>
    </ClCompile>
    <ClCompile Include="src\qlcomboboxitemdelegate.cpp">
      <Filter>Source Files</Filter>
    </ClCompile>
    <ClCompile Include="src\qldialog.cpp">
      <Filter>Source Files</Filter>
    </ClCompile>
    <ClCompile Include="src\qldownloader.cpp">
      <Filter>Source Files</Filter>
    </ClCompile>
    <ClCompile Include="src\qlfillcontrol.cpp">
      <Filter>Source Files</Filter>
    </ClCompile>
    <ClCompile Include="src\qlfilldialog.cpp">
      <Filter>Source Files</Filter>
    </ClCompile>
    <ClCompile Include="src\qlgithubrepo.cpp">
      <Filter>Source Files</Filter>
    </ClCompile>
    <ClCompile Include="src\qlgradientcontrol.cpp">
      <Filter>Source Files</Filter>
    </ClCompile>
    <ClCompile Include="src\qlgradientdialog.cpp">
      <Filter>Source Files</Filter>
    </ClCompile>
    <ClCompile Include="src\qlgradienteditor.cpp">
      <Filter>Source Files</Filter>
    </ClCompile>
    <ClCompile Include="src\qlgraphic.cpp">
      <Filter>Source Files</Filter>
    </ClCompile>
    <ClCompile Include="src\qlgridlineitemdelegate.cpp">
      <Filter>Source Files</Filter>
    </ClCompile>
    <ClCompile Include="src\qlgrowingdotprogressindicator.cpp">
      <Filter>Source Files</Filter>
    </ClCompile>
    <ClCompile Include="src\qlheaderview.cpp">
      <Filter>Source Files</Filter>
    </ClCompile>
    <ClCompile Include="src\qlimagesequence.cpp">
      <Filter>Source Files</Filter>
    </ClCompile>
    <ClCompile Include="src\qllabel.cpp">
      <Filter>Source Files</Filter>
    </ClCompile>
    <ClCompile Include="src\qllineeditor.cpp">
      <Filter>Source Files</Filter>
    </ClCompile>
    <ClCompile Include="src\qllinksview.cpp">
      <Filter>Source Files</Filter>
    </ClCompile>
    <ClCompile Include="src\qlmainwindow.cpp">
      <Filter>Source Files</Filter>
    </ClCompile>
    <ClCompile Include="src\qlmainwindowtitlebar.cpp">
      <Filter>Source Files</Filter>
    </ClCompile>
    <ClCompile Include="src\qlmenubar.cpp">
      <Filter>Source Files</Filter>
    </ClCompile>
    <ClCompile Include="src\qlminislider.cpp">
      <Filter>Source Files</Filter>
    </ClCompile>
    <ClCompile Include="src\qlnewlinkwidget.cpp">
      <Filter>Source Files</Filter>
    </ClCompile>
    <ClCompile Include="src\qlradiobutton.cpp">
      <Filter>Source Files</Filter>
    </ClCompile>
    <ClCompile Include="src\qlradiobuttonpool.cpp">
      <Filter>Source Files</Filter>
    </ClCompile>
    <ClCompile Include="src\qlresizer.cpp">
      <Filter>Source Files</Filter>
    </ClCompile>
    <ClCompile Include="src\qlscrollarea.cpp">
      <Filter>Source Files</Filter>
    </ClCompile>
    <ClCompile Include="src\qlscrollbar.cpp">
      <Filter>Source Files</Filter>
    </ClCompile>
    <ClCompile Include="src\qlsettingsmenu.cpp">
      <Filter>Source Files</Filter>
    </ClCompile>
    <ClCompile Include="src\qlsettingstab.cpp">
      <Filter>Source Files</Filter>
    </ClCompile>
    <ClCompile Include="src\qlslider.cpp">
      <Filter>Source Files</Filter>
    </ClCompile>
    <ClCompile Include="src\qlsplitter.cpp">
      <Filter>Source Files</Filter>
    </ClCompile>
    <ClCompile Include="src\qlstatepool.cpp">
      <Filter>Source Files</Filter>
    </ClCompile>
    <ClCompile Include="src\qlsvgrenderer.cpp">
      <Filter>Source Files</Filter>
    </ClCompile>
    <ClCompile Include="src\qltab.cpp">
      <Filter>Source Files</Filter>
    </ClCompile>
    <ClCompile Include="src\qltabbar.cpp">
      <Filter>Source Files</Filter>
    </ClCompile>
    <ClCompile Include="src\qltableview.cpp">
      <Filter>Source Files</Filter>
    </ClCompile>
    <ClCompile Include="src\qlthemeable.cpp">
      <Filter>Source Files</Filter>
    </ClCompile>
    <ClCompile Include="src\qlthemeablebox.cpp">
      <Filter>Source Files</Filter>
    </ClCompile>
    <ClCompile Include="src\qlthemecombobox.cpp">
      <Filter>Source Files</Filter>
    </ClCompile>
    <ClCompile Include="src\qlthemecomboboxitemdelegate.cpp">
      <Filter>Source Files</Filter>
    </ClCompile>
    <ClCompile Include="src\qlthemecomboboxitemmodel.cpp">
      <Filter>Source Files</Filter>
    </ClCompile>
    <ClCompile Include="src\qlthemecompatibilitycautiondialog.cpp">
      <Filter>Source Files</Filter>
    </ClCompile>
    <ClCompile Include="src\qlthemecompatibilityitemdelegate.cpp">
      <Filter>Source Files</Filter>
    </ClCompile>
    <ClCompile Include="src\qlthemecreatordialog.cpp">
      <Filter>Source Files</Filter>
    </ClCompile>
    <ClCompile Include="src\qlthemeeditordialog.cpp">
      <Filter>Source Files</Filter>
    </ClCompile>
    <ClCompile Include="src\qlthemelineagemodel.cpp">
      <Filter>Source Files</Filter>
    </ClCompile>
    <ClCompile Include="src\qlthememodel.cpp">
      <Filter>Source Files</Filter>
    </ClCompile>
    <ClCompile Include="src\qlthemeswidget.cpp">
      <Filter>Source Files</Filter>
    </ClCompile>
    <ClCompile Include="src\qlthemeview.cpp">
      <Filter>Source Files</Filter>
    </ClCompile>
    <ClCompile Include="src\qltoggleswitch.cpp">
      <Filter>Source Files</Filter>
    </ClCompile>
    <ClCompile Include="src\qlupdatedialog.cpp">
      <Filter>Source Files</Filter>
    </ClCompile>
    <ClCompile Include="src\qlwidget.cpp">
      <Filter>Source Files</Filter>
    </ClCompile>
    <ClCompile Include="src\qlpaths.cpp">
      <Filter>Source Files</Filter>
    </ClCompile>
  </ItemGroup>
  <ItemGroup>
    <QtRcc Include="fonts\Roboto\roboto_font.qrc">
      <Filter>Resource Files</Filter>
    </QtRcc>
    <QtRcc Include="images\images.qrc">
      <Filter>Resource Files</Filter>
    </QtRcc>
  </ItemGroup>
</Project>